
Microsoft Visual Studio Solution File, Format Version 12.00
# Visual Studio Version 17
VisualStudioVersion = 17.3.32804.467
MinimumVisualStudioVersion = 10.0.40219.1
Project("{9A19103F-16F7-4668-BE54-9A1E7A4F7556}") = "Instance", "Instance\Instance.csproj", "{EBB345A1-BDCC-4163-99B1-4B3FB5D16EAB}"
EndProject
Project("{9A19103F-16F7-4668-BE54-9A1E7A4F7556}") = "DungeonLibrary", "Creatures\DungeonLibrary.csproj", "{65EE5E47-4E2E-4189-9DAA-F3FBF97B1584}"
EndProject
Global
	GlobalSection(SolutionConfigurationPlatforms) = preSolution
		Debug|Any CPU = Debug|Any CPU
		Release|Any CPU = Release|Any CPU
	EndGlobalSection
	GlobalSection(ProjectConfigurationPlatforms) = postSolution
		{EBB345A1-BDCC-4163-99B1-4B3FB5D16EAB}.Debug|Any CPU.ActiveCfg = Debug|Any CPU
		{EBB345A1-BDCC-4163-99B1-4B3FB5D16EAB}.Debug|Any CPU.Build.0 = Debug|Any CPU
		{EBB345A1-BDCC-4163-99B1-4B3FB5D16EAB}.Release|Any CPU.ActiveCfg = Release|Any CPU
		{EBB345A1-BDCC-4163-99B1-4B3FB5D16EAB}.Release|Any CPU.Build.0 = Release|Any CPU
		{65EE5E47-4E2E-4189-9DAA-F3FBF97B1584}.Debug|Any CPU.ActiveCfg = Debug|Any CPU
		{65EE5E47-4E2E-4189-9DAA-F3FBF97B1584}.Debug|Any CPU.Build.0 = Debug|Any CPU
		{65EE5E47-4E2E-4189-9DAA-F3FBF97B1584}.Release|Any CPU.ActiveCfg = Release|Any CPU
		{65EE5E47-4E2E-4189-9DAA-F3FBF97B1584}.Release|Any CPU.Build.0 = Release|Any CPU
	EndGlobalSection
	GlobalSection(SolutionProperties) = preSolution
		HideSolutionNode = FALSE
	EndGlobalSection
	GlobalSection(ExtensibilityGlobals) = postSolution
		SolutionGuid = {75E3AFCB-1409-47D1-A5B1-2A48A52C773A}
	EndGlobalSection
EndGlobal
